
Microsoft Visual Studio Solution File, Format Version 12.00
# Visual Studio Version 17
VisualStudioVersion = 17.0.31912.275
MinimumVisualStudioVersion = 10.0.40219.1
Project("{FAE04EC0-301F-11D3-BF4B-00C04F79EFBC}") = "CodeCube.Azure.Storage.Queues.Extensions", "CodeCube.Azure.Storage.Queues.Extensions\CodeCube.Azure.Storage.Queues.Extensions.csproj", "{89063E0F-101D-4BA0-A3F7-9B3D0B0F8BC5}"
EndProject
Project("{2150E333-8FDC-42A3-9474-1A3956D46DE8}") = ".solutionitems", ".solutionitems", "{E825791A-D62D-4289-9244-2A2F5A0E3D74}"
	ProjectSection(SolutionItems) = preProject
		LICENSE = LICENSE
		nuget-icon.png = nuget-icon.png
		README.md = README.md
	EndProjectSection
EndProject
Global
	GlobalSection(SolutionConfigurationPlatforms) = preSolution
		Debug|Any CPU = Debug|Any CPU
		Release|Any CPU = Release|Any CPU
	EndGlobalSection
	GlobalSection(ProjectConfigurationPlatforms) = postSolution
		{89063E0F-101D-4BA0-A3F7-9B3D0B0F8BC5}.Debug|Any CPU.ActiveCfg = Debug|Any CPU
		{89063E0F-101D-4BA0-A3F7-9B3D0B0F8BC5}.Debug|Any CPU.Build.0 = Debug|Any CPU
		{89063E0F-101D-4BA0-A3F7-9B3D0B0F8BC5}.Release|Any CPU.ActiveCfg = Release|Any CPU
		{89063E0F-101D-4BA0-A3F7-9B3D0B0F8BC5}.Release|Any CPU.Build.0 = Release|Any CPU
	EndGlobalSection
	GlobalSection(SolutionProperties) = preSolution
		HideSolutionNode = FALSE
	EndGlobalSection
	GlobalSection(ExtensibilityGlobals) = postSolution
		SolutionGuid = {61C63E21-4768-4B80-AB20-C111673DA8C7}
	EndGlobalSection
EndGlobal
